
Microsoft Visual Studio Solution File, Format Version 12.00
# Visual Studio Version 17
VisualStudioVersion = 17.1.32407.343
MinimumVisualStudioVersion = 10.0.40219.1
Project("{8BC9CEB8-8B4A-11D0-8D11-00A0C91BC942}") = "6.9", "6.9\6.9.vcxproj", "{5A5BA602-5031-44D6-AA03-88DCC200FFF4}"
EndProject
Project("{8BC9CEB8-8B4A-11D0-8D11-00A0C91BC942}") = "UnitTest1", "UnitTest1\UnitTest1.vcxproj", "{5CEA432E-2FBA-4B17-B4C8-CBC1633B4E76}"
EndProject
Global
	GlobalSection(SolutionConfigurationPlatforms) = preSolution
		Debug|x64 = Debug|x64
		Debug|x86 = Debug|x86
		Release|x64 = Release|x64
		Release|x86 = Release|x86
	EndGlobalSection
	GlobalSection(ProjectConfigurationPlatforms) = postSolution
		{5A5BA602-5031-44D6-AA03-88DCC200FFF4}.Debug|x64.ActiveCfg = Debug|x64
		{5A5BA602-5031-44D6-AA03-88DCC200FFF4}.Debug|x64.Build.0 = Debug|x64
		{5A5BA602-5031-44D6-AA03-88DCC200FFF4}.Debug|x86.ActiveCfg = Debug|Win32
		{5A5BA602-5031-44D6-AA03-88DCC200FFF4}.Debug|x86.Build.0 = Debug|Win32
		{5A5BA602-5031-44D6-AA03-88DCC200FFF4}.Release|x64.ActiveCfg = Release|x64
		{5A5BA602-5031-44D6-AA03-88DCC200FFF4}.Release|x64.Build.0 = Release|x64
		{5A5BA602-5031-44D6-AA03-88DCC200FFF4}.Release|x86.ActiveCfg = Release|Win32
		{5A5BA602-5031-44D6-AA03-88DCC200FFF4}.Release|x86.Build.0 = Release|Win32
		{5CEA432E-2FBA-4B17-B4C8-CBC1633B4E76}.Debug|x64.ActiveCfg = Debug|x64
		{5CEA432E-2FBA-4B17-B4C8-CBC1633B4E76}.Debug|x64.Build.0 = Debug|x64
		{5CEA432E-2FBA-4B17-B4C8-CBC1633B4E76}.Debug|x86.ActiveCfg = Debug|Win32
		{5CEA432E-2FBA-4B17-B4C8-CBC1633B4E76}.Debug|x86.Build.0 = Debug|Win32
		{5CEA432E-2FBA-4B17-B4C8-CBC1633B4E76}.Release|x64.ActiveCfg = Release|x64
		{5CEA432E-2FBA-4B17-B4C8-CBC1633B4E76}.Release|x64.Build.0 = Release|x64
		{5CEA432E-2FBA-4B17-B4C8-CBC1633B4E76}.Release|x86.ActiveCfg = Release|Win32
		{5CEA432E-2FBA-4B17-B4C8-CBC1633B4E76}.Release|x86.Build.0 = Release|Win32
	EndGlobalSection
	GlobalSection(SolutionProperties) = preSolution
		HideSolutionNode = FALSE
	EndGlobalSection
	GlobalSection(ExtensibilityGlobals) = postSolution
		SolutionGuid = {FF3704E6-F884-4C30-BA90-49501483DBC9}
	EndGlobalSection
EndGlobal
